
Microsoft Visual Studio Solution File, Format Version 12.00
# Visual Studio Version 16
VisualStudioVersion = 25.0.1705.4
MinimumVisualStudioVersion = 10.0.40219.1
Project("{FAE04EC0-301F-11D3-BF4B-00C04F79EFBC}") = "Actividad 5  Bucles (2)", "Actividad 5  Bucles (2).csproj", "{4322D87C-8F1E-4CA9-8DE6-C23A9CA67BDA}"
EndProject
Global
	GlobalSection(SolutionConfigurationPlatforms) = preSolution
		Debug|Any CPU = Debug|Any CPU
		Release|Any CPU = Release|Any CPU
	EndGlobalSection
	GlobalSection(ProjectConfigurationPlatforms) = postSolution
		{4322D87C-8F1E-4CA9-8DE6-C23A9CA67BDA}.Debug|Any CPU.ActiveCfg = Debug|Any CPU
		{4322D87C-8F1E-4CA9-8DE6-C23A9CA67BDA}.Debug|Any CPU.Build.0 = Debug|Any CPU
		{4322D87C-8F1E-4CA9-8DE6-C23A9CA67BDA}.Release|Any CPU.ActiveCfg = Release|Any CPU
		{4322D87C-8F1E-4CA9-8DE6-C23A9CA67BDA}.Release|Any CPU.Build.0 = Release|Any CPU
	EndGlobalSection
	GlobalSection(SolutionProperties) = preSolution
		HideSolutionNode = FALSE
	EndGlobalSection
	GlobalSection(ExtensibilityGlobals) = postSolution
		SolutionGuid = {C58835BB-C817-4B0A-9376-A6DC02F2531B}
	EndGlobalSection
EndGlobal
