
Microsoft Visual Studio Solution File, Format Version 12.00
# Visual Studio Version 16
VisualStudioVersion = 25.0.1705.4
MinimumVisualStudioVersion = 10.0.40219.1
Project("{FAE04EC0-301F-11D3-BF4B-00C04F79EFBC}") = "Actividad 5  Bucles (2)", "Actividad 5  Bucles (2)\Actividad 5  Bucles (2).csproj", "{73F42735-C332-49F2-BB4D-6E6CA7B24CA7}"
EndProject
Global
	GlobalSection(SolutionConfigurationPlatforms) = preSolution
		Debug|Any CPU = Debug|Any CPU
		Release|Any CPU = Release|Any CPU
	EndGlobalSection
	GlobalSection(ProjectConfigurationPlatforms) = postSolution
		{73F42735-C332-49F2-BB4D-6E6CA7B24CA7}.Debug|Any CPU.ActiveCfg = Debug|Any CPU
		{73F42735-C332-49F2-BB4D-6E6CA7B24CA7}.Debug|Any CPU.Build.0 = Debug|Any CPU
		{73F42735-C332-49F2-BB4D-6E6CA7B24CA7}.Release|Any CPU.ActiveCfg = Release|Any CPU
		{73F42735-C332-49F2-BB4D-6E6CA7B24CA7}.Release|Any CPU.Build.0 = Release|Any CPU
	EndGlobalSection
	GlobalSection(SolutionProperties) = preSolution
		HideSolutionNode = FALSE
	EndGlobalSection
	GlobalSection(ExtensibilityGlobals) = postSolution
		SolutionGuid = {7852613B-FC78-47FD-BB6A-37A296B3C6F3}
	EndGlobalSection
EndGlobal
